
Microsoft Visual Studio Solution File, Format Version 12.00
# Visual Studio Version 17
VisualStudioVersion = 17.8.34330.188
MinimumVisualStudioVersion = 10.0.40219.1
Project("{FAE04EC0-301F-11D3-BF4B-00C04F79EFBC}") = "DamageMod", "DamageMod\DamageMod.csproj", "{2C662DE6-55EA-4DF5-906D-A7CB2F28E01C}"
EndProject
Global
	GlobalSection(SolutionConfigurationPlatforms) = preSolution
		Debug|Any CPU = Debug|Any CPU
		Release|Any CPU = Release|Any CPU
	EndGlobalSection
	GlobalSection(ProjectConfigurationPlatforms) = postSolution
		{2C662DE6-55EA-4DF5-906D-A7CB2F28E01C}.Debug|Any CPU.ActiveCfg = Debug|Any CPU
		{2C662DE6-55EA-4DF5-906D-A7CB2F28E01C}.Debug|Any CPU.Build.0 = Debug|Any CPU
		{2C662DE6-55EA-4DF5-906D-A7CB2F28E01C}.Release|Any CPU.ActiveCfg = Release|Any CPU
		{2C662DE6-55EA-4DF5-906D-A7CB2F28E01C}.Release|Any CPU.Build.0 = Release|Any CPU
	EndGlobalSection
	GlobalSection(SolutionProperties) = preSolution
		HideSolutionNode = FALSE
	EndGlobalSection
	GlobalSection(ExtensibilityGlobals) = postSolution
		SolutionGuid = {827F6420-3E2B-4CC4-A511-FC2AE81700AA}
	EndGlobalSection
EndGlobal
